
Microsoft Visual Studio Solution File, Format Version 12.00
# Visual Studio Version 18
VisualStudioVersion = 18.0.11222.15
MinimumVisualStudioVersion = 10.0.40219.1
Project("{FAE04EC0-301F-11D3-BF4B-00C04F79EFBC}") = "FloodRescue.API", "FloodRescue.API\FloodRescue.API.csproj", "{51DC4E97-4792-464A-AB0C-AC5A88201F68}"
EndProject
Project("{FAE04EC0-301F-11D3-BF4B-00C04F79EFBC}") = "FloodRescue.Services", "FloodRescue.Services\FloodRescue.Services.csproj", "{0894DC19-B3F0-4D3C-B859-B3627BA276E9}"
EndProject
Project("{FAE04EC0-301F-11D3-BF4B-00C04F79EFBC}") = "FloodRescue.Repositories", "FloodRescue.Repositories\FloodRescue.Repositories.csproj", "{78851506-2406-4716-9196-B5EDE38D3BEF}"
EndProject
Project("{FAE04EC0-301F-11D3-BF4B-00C04F79EFBC}") = "RescueService.Tests", "RescueService.Tests\RescueService.Tests.csproj", "{2A983B1D-61D4-4D1E-9B4D-631CADA2DB86}"
EndProject
Global
	GlobalSection(SolutionConfigurationPlatforms) = preSolution
		Debug|Any CPU = Debug|Any CPU
		Debug|x64 = Debug|x64
		Debug|x86 = Debug|x86
		Release|Any CPU = Release|Any CPU
		Release|x64 = Release|x64
		Release|x86 = Release|x86
	EndGlobalSection
	GlobalSection(ProjectConfigurationPlatforms) = postSolution
		{51DC4E97-4792-464A-AB0C-AC5A88201F68}.Debug|Any CPU.ActiveCfg = Debug|Any CPU
		{51DC4E97-4792-464A-AB0C-AC5A88201F68}.Debug|Any CPU.Build.0 = Debug|Any CPU
		{51DC4E97-4792-464A-AB0C-AC5A88201F68}.Debug|x64.ActiveCfg = Debug|Any CPU
		{51DC4E97-4792-464A-AB0C-AC5A88201F68}.Debug|x64.Build.0 = Debug|Any CPU
		{51DC4E97-4792-464A-AB0C-AC5A88201F68}.Debug|x86.ActiveCfg = Debug|Any CPU
		{51DC4E97-4792-464A-AB0C-AC5A88201F68}.Debug|x86.Build.0 = Debug|Any CPU
		{51DC4E97-4792-464A-AB0C-AC5A88201F68}.Release|Any CPU.ActiveCfg = Release|Any CPU
		{51DC4E97-4792-464A-AB0C-AC5A88201F68}.Release|Any CPU.Build.0 = Release|Any CPU
		{51DC4E97-4792-464A-AB0C-AC5A88201F68}.Release|x64.ActiveCfg = Release|Any CPU
		{51DC4E97-4792-464A-AB0C-AC5A88201F68}.Release|x64.Build.0 = Release|Any CPU
		{51DC4E97-4792-464A-AB0C-AC5A88201F68}.Release|x86.ActiveCfg = Release|Any CPU
		{51DC4E97-4792-464A-AB0C-AC5A88201F68}.Release|x86.Build.0 = Release|Any CPU
		{0894DC19-B3F0-4D3C-B859-B3627BA276E9}.Debug|Any CPU.ActiveCfg = Debug|Any CPU
		{0894DC19-B3F0-4D3C-B859-B3627BA276E9}.Debug|Any CPU.Build.0 = Debug|Any CPU
		{0894DC19-B3F0-4D3C-B859-B3627BA276E9}.Debug|x64.ActiveCfg = Debug|Any CPU
		{0894DC19-B3F0-4D3C-B859-B3627BA276E9}.Debug|x64.Build.0 = Debug|Any CPU
		{0894DC19-B3F0-4D3C-B859-B3627BA276E9}.Debug|x86.ActiveCfg = Debug|Any CPU
		{0894DC19-B3F0-4D3C-B859-B3627BA276E9}.Debug|x86.Build.0 = Debug|Any CPU
		{0894DC19-B3F0-4D3C-B859-B3627BA276E9}.Release|Any CPU.ActiveCfg = Release|Any CPU
		{0894DC19-B3F0-4D3C-B859-B3627BA276E9}.Release|Any CPU.Build.0 = Release|Any CPU
		{0894DC19-B3F0-4D3C-B859-B3627BA276E9}.Release|x64.ActiveCfg = Release|Any CPU
		{0894DC19-B3F0-4D3C-B859-B3627BA276E9}.Release|x64.Build.0 = Release|Any CPU
		{0894DC19-B3F0-4D3C-B859-B3627BA276E9}.Release|x86.ActiveCfg = Release|Any CPU
		{0894DC19-B3F0-4D3C-B859-B3627BA276E9}.Release|x86.Build.0 = Release|Any CPU
		{78851506-2406-4716-9196-B5EDE38D3BEF}.Debug|Any CPU.ActiveCfg = Debug|Any CPU
		{78851506-2406-4716-9196-B5EDE38D3BEF}.Debug|Any CPU.Build.0 = Debug|Any CPU
		{78851506-2406-4716-9196-B5EDE38D3BEF}.Debug|x64.ActiveCfg = Debug|Any CPU
		{78851506-2406-4716-9196-B5EDE38D3BEF}.Debug|x64.Build.0 = Debug|Any CPU
		{78851506-2406-4716-9196-B5EDE38D3BEF}.Debug|x86.ActiveCfg = Debug|Any CPU
		{78851506-2406-4716-9196-B5EDE38D3BEF}.Debug|x86.Build.0 = Debug|Any CPU
		{78851506-2406-4716-9196-B5EDE38D3BEF}.Release|Any CPU.ActiveCfg = Release|Any CPU
		{78851506-2406-4716-9196-B5EDE38D3BEF}.Release|Any CPU.Build.0 = Release|Any CPU
		{78851506-2406-4716-9196-B5EDE38D3BEF}.Release|x64.ActiveCfg = Release|Any CPU
		{78851506-2406-4716-9196-B5EDE38D3BEF}.Release|x64.Build.0 = Release|Any CPU
		{78851506-2406-4716-9196-B5EDE38D3BEF}.Release|x86.ActiveCfg = Release|Any CPU
		{78851506-2406-4716-9196-B5EDE38D3BEF}.Release|x86.Build.0 = Release|Any CPU
		{2A983B1D-61D4-4D1E-9B4D-631CADA2DB86}.Debug|Any CPU.ActiveCfg = Debug|Any CPU
		{2A983B1D-61D4-4D1E-9B4D-631CADA2DB86}.Debug|Any CPU.Build.0 = Debug|Any CPU
		{2A983B1D-61D4-4D1E-9B4D-631CADA2DB86}.Debug|x64.ActiveCfg = Debug|Any CPU
		{2A983B1D-61D4-4D1E-9B4D-631CADA2DB86}.Debug|x64.Build.0 = Debug|Any CPU
		{2A983B1D-61D4-4D1E-9B4D-631CADA2DB86}.Debug|x86.ActiveCfg = Debug|Any CPU
		{2A983B1D-61D4-4D1E-9B4D-631CADA2DB86}.Debug|x86.Build.0 = Debug|Any CPU
		{2A983B1D-61D4-4D1E-9B4D-631CADA2DB86}.Release|Any CPU.ActiveCfg = Release|Any CPU
		{2A983B1D-61D4-4D1E-9B4D-631CADA2DB86}.Release|Any CPU.Build.0 = Release|Any CPU
		{2A983B1D-61D4-4D1E-9B4D-631CADA2DB86}.Release|x64.ActiveCfg = Release|Any CPU
		{2A983B1D-61D4-4D1E-9B4D-631CADA2DB86}.Release|x64.Build.0 = Release|Any CPU
		{2A983B1D-61D4-4D1E-9B4D-631CADA2DB86}.Release|x86.ActiveCfg = Release|Any CPU
		{2A983B1D-61D4-4D1E-9B4D-631CADA2DB86}.Release|x86.Build.0 = Release|Any CPU
	EndGlobalSection
	GlobalSection(SolutionProperties) = preSolution
		HideSolutionNode = FALSE
	EndGlobalSection
	GlobalSection(ExtensibilityGlobals) = postSolution
		SolutionGuid = {B5F0B27D-7E02-4F14-B64E-0E74BBDEC7B0}
	EndGlobalSection
EndGlobal
